
Microsoft Visual Studio Solution File, Format Version 12.00
# Visual Studio Version 17
VisualStudioVersion = 17.7.34202.233
MinimumVisualStudioVersion = 10.0.40219.1
Project("{2150E333-8FDC-42A3-9474-1A3956D46DE8}") = "src", "src", "{B78DF3DD-B5BA-415F-A66C-0E36985B85BA}"
EndProject
Project("{2150E333-8FDC-42A3-9474-1A3956D46DE8}") = "BuildingBlocks", "BuildingBlocks", "{714533E6-A311-4308-A73D-E4A79406A3C1}"
EndProject
Project("{2150E333-8FDC-42A3-9474-1A3956D46DE8}") = "Services", "Services", "{57F46554-90FB-4B3B-AC92-679724B0CC08}"
EndProject
Project("{2150E333-8FDC-42A3-9474-1A3956D46DE8}") = "Deployments", "Deployments", "{6D219776-E792-4F91-A421-62EAAC02BAB3}"
EndProject
Project("{2150E333-8FDC-42A3-9474-1A3956D46DE8}") = "Tests", "Tests", "{6B37A5C4-8352-41B3-A274-19138A620E5E}"
EndProject
Project("{2150E333-8FDC-42A3-9474-1A3956D46DE8}") = "Clients", "Clients", "{8EE66F73-66EA-4845-982A-F2DD27EFEFDD}"
EndProject
Project("{2150E333-8FDC-42A3-9474-1A3956D46DE8}") = "ApiGateways", "ApiGateways", "{65B8F2E0-9ACD-4380-8624-121F5D75BBBD}"
EndProject
Project("{2150E333-8FDC-42A3-9474-1A3956D46DE8}") = "LocationService", "LocationService", "{3ABF659B-F9D1-451D-80D4-9407600783E0}"
EndProject
Project("{2150E333-8FDC-42A3-9474-1A3956D46DE8}") = "DataCaptureService", "DataCaptureService", "{9EBA9E37-E4AF-41C8-B880-309168F78459}"
EndProject
Project("{2150E333-8FDC-42A3-9474-1A3956D46DE8}") = "DataProcessService", "DataProcessService", "{72F72101-7230-451A-8C92-41B0601FBC6B}"
EndProject
Project("{2150E333-8FDC-42A3-9474-1A3956D46DE8}") = "UserInfoService", "UserInfoService", "{1AC6F39B-3F8F-4CCD-92F6-51F8FE6D52F2}"
EndProject
Project("{2150E333-8FDC-42A3-9474-1A3956D46DE8}") = "ClientAndServerService", "ClientAndServerService", "{E212582E-BB1E-4964-9D06-281A7F32789D}"
EndProject
Project("{2150E333-8FDC-42A3-9474-1A3956D46DE8}") = "K8S", "K8S", "{C4EB6F8B-D455-4673-AA69-4872C6F1E64A}"
EndProject
Project("{2150E333-8FDC-42A3-9474-1A3956D46DE8}") = "Docker", "Docker", "{04D0090A-8249-434D-AB94-CF4B56C5AC38}"
EndProject
Project("{2150E333-8FDC-42A3-9474-1A3956D46DE8}") = "Web", "Web", "{97F8718F-8974-4ABB-82A8-6290B773CD81}"
EndProject
Project("{2150E333-8FDC-42A3-9474-1A3956D46DE8}") = "Mobil", "Mobil", "{19227683-3E32-40A9-A179-E7003BC172B7}"
EndProject
Project("{2150E333-8FDC-42A3-9474-1A3956D46DE8}") = "App", "App", "{8D19AFDD-0EF5-4959-86F8-498DBD1234D8}"
EndProject
Project("{2150E333-8FDC-42A3-9474-1A3956D46DE8}") = "RabbitMq", "RabbitMq", "{5496C220-B819-4F49-B749-88A72FF49A98}"
EndProject
Project("{2150E333-8FDC-42A3-9474-1A3956D46DE8}") = "Redis", "Redis", "{FB1AB01D-CD0E-4E81-AA94-2E4678188845}"
EndProject
Project("{2150E333-8FDC-42A3-9474-1A3956D46DE8}") = "Base", "Base", "{53227ED5-0DAE-42EB-B026-844C600B62A6}"
EndProject
Project("{2150E333-8FDC-42A3-9474-1A3956D46DE8}") = "BuildingBlockTest", "BuildingBlockTest", "{2A80D690-44DB-4F5A-B515-42A3EAFF8980}"
EndProject
Project("{2150E333-8FDC-42A3-9474-1A3956D46DE8}") = "ServiceTest", "ServiceTest", "{336786A2-AD69-4B9A-B5D4-5BBC05FA09C1}"
EndProject
Project("{2150E333-8FDC-42A3-9474-1A3956D46DE8}") = "Api", "Api", "{A8C7F799-C517-4373-8633-5D360404588F}"
EndProject
Project("{2150E333-8FDC-42A3-9474-1A3956D46DE8}") = "Solution Items", "Solution Items", "{D2A0D268-E221-4E4E-A260-D3C143AB09D9}"
	ProjectSection(SolutionItems) = preProject
		.gitattributes = .gitattributes
		.gitignore = .gitignore
		locationveriable.env = locationveriable.env
	EndProjectSection
EndProject
Project("{2150E333-8FDC-42A3-9474-1A3956D46DE8}") = "Logger", "Logger", "{359039F8-FDF5-493E-B99A-0334CD5B6764}"
EndProject
Project("{2150E333-8FDC-42A3-9474-1A3956D46DE8}") = "MsSql", "MsSql", "{59764764-2F24-4327-9DFC-9538EA79084E}"
EndProject
Project("{2150E333-8FDC-42A3-9474-1A3956D46DE8}") = "Mongo", "Mongo", "{66C4FF90-511F-4EB1-9604-DABFF2EE41B1}"
EndProject
Project("{2150E333-8FDC-42A3-9474-1A3956D46DE8}") = "Factory", "Factory", "{FA9854C2-730D-4881-B4CF-858129CE5585}"
EndProject
Project("{9A19103F-16F7-4668-BE54-9A1E7A4F7556}") = "Services.UserInfoService", "src\Services\UserInfoService\Services.UserInfoService\Services.UserInfoService.csproj", "{B7D3697E-E3C9-4105-B95D-DB1696F8DD83}"
EndProject
Project("{9A19103F-16F7-4668-BE54-9A1E7A4F7556}") = "Services.UserInfoService.Api", "src\Services\UserInfoService\Services.UserInfoService.Api\Services.UserInfoService.Api.csproj", "{01F0CCFB-5419-4927-9E8D-E033ECFF5CCA}"
EndProject
Project("{9A19103F-16F7-4668-BE54-9A1E7A4F7556}") = "BuildingBlock.RabbitMq", "src\BuildingBlocks\RabbitMq\BuildingBlock.RabbitMq\BuildingBlock.RabbitMq.csproj", "{2075DF2B-A6A6-4F28-A21F-B1E3B22328B0}"
EndProject
Project("{9A19103F-16F7-4668-BE54-9A1E7A4F7556}") = "BuildingBlock.Logger", "src\BuildingBlocks\Logger\BuildingBlock.Logger\BuildingBlock.Logger.csproj", "{881FC2ED-A5EB-44B1-AD93-178E4145BB86}"
EndProject
Project("{9A19103F-16F7-4668-BE54-9A1E7A4F7556}") = "BuildingBlock.Base", "src\BuildingBlocks\Base\BuildingBlock.Base\BuildingBlock.Base.csproj", "{889FD586-AF02-4455-890E-CB146165652D}"
EndProject
Project("{9A19103F-16F7-4668-BE54-9A1E7A4F7556}") = "BuildingBlock.MsSql", "src\BuildingBlocks\MsSql\BuildingBlock.MsSql\BuildingBlock.MsSql.csproj", "{35DFBA55-5CF1-4E82-8D37-279FDAF49F21}"
EndProject
Project("{9A19103F-16F7-4668-BE54-9A1E7A4F7556}") = "BuildingBlock.Mongo", "src\BuildingBlocks\Mongo\BuildingBlock.Mongo\BuildingBlock.Mongo.csproj", "{2B01CFE7-6C5E-4B6E-A2F7-30F0240351FA}"
EndProject
Project("{9A19103F-16F7-4668-BE54-9A1E7A4F7556}") = "BBlockTest", "src\Tests\BuildingBlockTest\BBlockTest\BBlockTest.csproj", "{AF5CA46E-8014-4B3C-8ABF-C2B976C7369E}"
EndProject
Project("{9A19103F-16F7-4668-BE54-9A1E7A4F7556}") = "Services.LocationService", "src\Services\LocationService\Services.LocationService\Services.LocationService.csproj", "{754566C1-27A0-4CF6-B621-D8EACA056CB7}"
EndProject
Project("{9A19103F-16F7-4668-BE54-9A1E7A4F7556}") = "BuildingBlock.Factory", "src\BuildingBlocks\Factory\BuildingBlock.Factory\BuildingBlock.Factory.csproj", "{50FE69A2-8B4F-484C-9532-CC8F69C762E1}"
EndProject
Project("{2150E333-8FDC-42A3-9474-1A3956D46DE8}") = "Dapper", "Dapper", "{23FB3522-D8B3-41FA-9899-653C38FB7C6C}"
EndProject
Project("{9A19103F-16F7-4668-BE54-9A1E7A4F7556}") = "BuildingBlock.Dapper", "src\BuildingBlocks\Dapper\BuildingBlock.Dapper\BuildingBlock.Dapper.csproj", "{9F232786-2036-4BB0-B5FD-06CC7EFE049D}"
EndProject
Project("{2150E333-8FDC-42A3-9474-1A3956D46DE8}") = "Mapper", "Mapper", "{05FFE5F5-382A-48A4-AC1C-A57513E11085}"
EndProject
Project("{9A19103F-16F7-4668-BE54-9A1E7A4F7556}") = "BuildingBlock.Mapper", "src\BuildingBlocks\Mapper\BuildingBlock.Mapper\BuildingBlock.Mapper.csproj", "{E6472648-CA3A-46D8-9A77-622FA0A69117}"
EndProject
Project("{9A19103F-16F7-4668-BE54-9A1E7A4F7556}") = "SServiceTest", "src\Tests\ServiceTest\SServiceTest\SServiceTest.csproj", "{57728BA6-90D6-472B-915B-842E6EDA64EF}"
EndProject
Project("{9A19103F-16F7-4668-BE54-9A1E7A4F7556}") = "Services.LocationService.Api", "src\Services\LocationService\Services.LocationService.Api\Services.LocationService.Api.csproj", "{7D92D22C-F8DA-4603-9423-4447805DE5E0}"
EndProject
Project("{E53339B2-1760-4266-BCC7-CA923CBCF16C}") = "docker-compose", "docker-compose.dcproj", "{B79F3CFD-E94E-43A4-AF57-123D8AD4F620}"
EndProject
Project("{2150E333-8FDC-42A3-9474-1A3956D46DE8}") = "Jwt", "Jwt", "{A99446EA-8AEB-4738-9A96-14D0DC4B7CED}"
EndProject
Project("{9A19103F-16F7-4668-BE54-9A1E7A4F7556}") = "BuildingBlock.Jwt", "src\BuildingBlocks\Jwt\BuildingBlock.Jwt\BuildingBlock.Jwt.csproj", "{C9443477-A323-44E0-83FA-617224E10C89}"
EndProject
Project("{2150E333-8FDC-42A3-9474-1A3956D46DE8}") = "Validator", "Validator", "{57005375-A65D-45D9-859B-1FA8E8BA817A}"
EndProject
Project("{9A19103F-16F7-4668-BE54-9A1E7A4F7556}") = "BuildingBlock.Validator", "src\BuildingBlocks\Validator\BuildingBlock.Validator\BuildingBlock.Validator.csproj", "{DC3819D1-6700-42ED-8198-A6AACE559FB1}"
EndProject
Project("{2150E333-8FDC-42A3-9474-1A3956D46DE8}") = "HealthCheck", "HealthCheck", "{CAC00225-67D4-4950-9D9E-4F0E04843ACA}"
EndProject
Project("{9A19103F-16F7-4668-BE54-9A1E7A4F7556}") = "BuildingBlock.HealthCheck", "src\BuildingBlocks\HealthCheck\BuildingBlock.HealthCheck\BuildingBlock.HealthCheck.csproj", "{582035F2-B6D2-4A57-A1CA-76B149D4D632}"
EndProject
Project("{2150E333-8FDC-42A3-9474-1A3956D46DE8}") = "Email", "Email", "{AA7850A4-9B27-4DC4-A8DA-83AF02BCA5D8}"
EndProject
Project("{9A19103F-16F7-4668-BE54-9A1E7A4F7556}") = "BuildingBlock.Email", "src\BuildingBlocks\Email\BuildingBlock.Email\BuildingBlock.Email.csproj", "{FA5EA9E4-51F1-41B9-9B2E-4145F93235F9}"
EndProject
Project("{2150E333-8FDC-42A3-9474-1A3956D46DE8}") = "PostgreSql", "PostgreSql", "{AAFA88A5-1BE3-4327-8CAA-65FA2C94F59B}"
EndProject
Project("{9A19103F-16F7-4668-BE54-9A1E7A4F7556}") = "BuildingBlock.PostgreSql", "src\BuildingBlocks\PostgreSql\BuildingBlock.PostgreSql\BuildingBlock.PostgreSql.csproj", "{C9C6922B-8891-4B80-8B54-E862A5FE7AD6}"
EndProject
Project("{9A19103F-16F7-4668-BE54-9A1E7A4F7556}") = "Services.DataProcessService", "src\Services\DataProcessService\Services.DataProcessService\Services.DataProcessService.csproj", "{E43195A2-BA71-43A4-8023-07045F31EB80}"
EndProject
Project("{9A19103F-16F7-4668-BE54-9A1E7A4F7556}") = "Services.DataProcessService.Api", "src\Services\DataProcessService\Services.DataProcessService.Api\Services.DataProcessService.Api.csproj", "{277EC846-A309-47CB-8755-CBADEEA43620}"
EndProject
Project("{9A19103F-16F7-4668-BE54-9A1E7A4F7556}") = "BuildingBlock.Redis", "src\BuildingBlocks\Redis\BuildingBlock.Redis\BuildingBlock.Redis.csproj", "{81F0C5DF-0632-476A-AB82-F53930141FF8}"
EndProject
Project("{9A19103F-16F7-4668-BE54-9A1E7A4F7556}") = "Services.DataCaptureService", "src\Services\DataCaptureService\Services.DataCaptureService\Services.DataCaptureService.csproj", "{84015570-D17A-411E-829F-789198FF4E8D}"
EndProject
Project("{9A19103F-16F7-4668-BE54-9A1E7A4F7556}") = "Services.DataCaptureService.Api", "src\Services\DataCaptureService\Services.DataCaptureService.Api\Services.DataCaptureService.Api.csproj", "{FF380CD2-18BF-4833-B41D-B66A2932B480}"
EndProject
Project("{9A19103F-16F7-4668-BE54-9A1E7A4F7556}") = "Services.ClientAndServerService.Api", "src\Services\ClientAndServerService\Services.ClientAndServerService.Api\Services.ClientAndServerService.Api.csproj", "{0063A29D-9C06-4482-A7AD-E96D16142725}"
EndProject
Project("{9A19103F-16F7-4668-BE54-9A1E7A4F7556}") = "Services.ClientAndServerService", "src\Services\ClientAndServerService\Services.ClientAndServerService\Services.ClientAndServerService.csproj", "{32430B6B-6593-45B0-956D-F20FB2841828}"
EndProject
Project("{9A19103F-16F7-4668-BE54-9A1E7A4F7556}") = "ApiGateway.Api", "src\ApiGateways\Api\ApiGateway.Api\ApiGateway.Api.csproj", "{E6496408-0E95-4FD8-BB7F-20B84CABA2E7}"
EndProject
Project("{2150E333-8FDC-42A3-9474-1A3956D46DE8}") = "MsSql", "MsSql", "{09B0529D-D651-4E36-A828-5A8FD55A73D8}"
EndProject
Global
	GlobalSection(SolutionConfigurationPlatforms) = preSolution
		Debug|Any CPU = Debug|Any CPU
		Release|Any CPU = Release|Any CPU
	EndGlobalSection
	GlobalSection(ProjectConfigurationPlatforms) = postSolution
		{B7D3697E-E3C9-4105-B95D-DB1696F8DD83}.Debug|Any CPU.ActiveCfg = Debug|Any CPU
		{B7D3697E-E3C9-4105-B95D-DB1696F8DD83}.Debug|Any CPU.Build.0 = Debug|Any CPU
		{B7D3697E-E3C9-4105-B95D-DB1696F8DD83}.Release|Any CPU.ActiveCfg = Release|Any CPU
		{B7D3697E-E3C9-4105-B95D-DB1696F8DD83}.Release|Any CPU.Build.0 = Release|Any CPU
		{01F0CCFB-5419-4927-9E8D-E033ECFF5CCA}.Debug|Any CPU.ActiveCfg = Debug|Any CPU
		{01F0CCFB-5419-4927-9E8D-E033ECFF5CCA}.Debug|Any CPU.Build.0 = Debug|Any CPU
		{01F0CCFB-5419-4927-9E8D-E033ECFF5CCA}.Release|Any CPU.ActiveCfg = Release|Any CPU
		{01F0CCFB-5419-4927-9E8D-E033ECFF5CCA}.Release|Any CPU.Build.0 = Release|Any CPU
		{2075DF2B-A6A6-4F28-A21F-B1E3B22328B0}.Debug|Any CPU.ActiveCfg = Debug|Any CPU
		{2075DF2B-A6A6-4F28-A21F-B1E3B22328B0}.Debug|Any CPU.Build.0 = Debug|Any CPU
		{2075DF2B-A6A6-4F28-A21F-B1E3B22328B0}.Release|Any CPU.ActiveCfg = Release|Any CPU
		{2075DF2B-A6A6-4F28-A21F-B1E3B22328B0}.Release|Any CPU.Build.0 = Release|Any CPU
		{881FC2ED-A5EB-44B1-AD93-178E4145BB86}.Debug|Any CPU.ActiveCfg = Debug|Any CPU
		{881FC2ED-A5EB-44B1-AD93-178E4145BB86}.Debug|Any CPU.Build.0 = Debug|Any CPU
		{881FC2ED-A5EB-44B1-AD93-178E4145BB86}.Release|Any CPU.ActiveCfg = Release|Any CPU
		{881FC2ED-A5EB-44B1-AD93-178E4145BB86}.Release|Any CPU.Build.0 = Release|Any CPU
		{889FD586-AF02-4455-890E-CB146165652D}.Debug|Any CPU.ActiveCfg = Debug|Any CPU
		{889FD586-AF02-4455-890E-CB146165652D}.Debug|Any CPU.Build.0 = Debug|Any CPU
		{889FD586-AF02-4455-890E-CB146165652D}.Release|Any CPU.ActiveCfg = Release|Any CPU
		{889FD586-AF02-4455-890E-CB146165652D}.Release|Any CPU.Build.0 = Release|Any CPU
		{35DFBA55-5CF1-4E82-8D37-279FDAF49F21}.Debug|Any CPU.ActiveCfg = Debug|Any CPU
		{35DFBA55-5CF1-4E82-8D37-279FDAF49F21}.Debug|Any CPU.Build.0 = Debug|Any CPU
		{35DFBA55-5CF1-4E82-8D37-279FDAF49F21}.Release|Any CPU.ActiveCfg = Release|Any CPU
		{35DFBA55-5CF1-4E82-8D37-279FDAF49F21}.Release|Any CPU.Build.0 = Release|Any CPU
		{2B01CFE7-6C5E-4B6E-A2F7-30F0240351FA}.Debug|Any CPU.ActiveCfg = Debug|Any CPU
		{2B01CFE7-6C5E-4B6E-A2F7-30F0240351FA}.Debug|Any CPU.Build.0 = Debug|Any CPU
		{2B01CFE7-6C5E-4B6E-A2F7-30F0240351FA}.Release|Any CPU.ActiveCfg = Release|Any CPU
		{2B01CFE7-6C5E-4B6E-A2F7-30F0240351FA}.Release|Any CPU.Build.0 = Release|Any CPU
		{AF5CA46E-8014-4B3C-8ABF-C2B976C7369E}.Debug|Any CPU.ActiveCfg = Debug|Any CPU
		{AF5CA46E-8014-4B3C-8ABF-C2B976C7369E}.Debug|Any CPU.Build.0 = Debug|Any CPU
		{AF5CA46E-8014-4B3C-8ABF-C2B976C7369E}.Release|Any CPU.ActiveCfg = Release|Any CPU
		{AF5CA46E-8014-4B3C-8ABF-C2B976C7369E}.Release|Any CPU.Build.0 = Release|Any CPU
		{754566C1-27A0-4CF6-B621-D8EACA056CB7}.Debug|Any CPU.ActiveCfg = Debug|Any CPU
		{754566C1-27A0-4CF6-B621-D8EACA056CB7}.Debug|Any CPU.Build.0 = Debug|Any CPU
		{754566C1-27A0-4CF6-B621-D8EACA056CB7}.Release|Any CPU.ActiveCfg = Release|Any CPU
		{754566C1-27A0-4CF6-B621-D8EACA056CB7}.Release|Any CPU.Build.0 = Release|Any CPU
		{50FE69A2-8B4F-484C-9532-CC8F69C762E1}.Debug|Any CPU.ActiveCfg = Debug|Any CPU
		{50FE69A2-8B4F-484C-9532-CC8F69C762E1}.Debug|Any CPU.Build.0 = Debug|Any CPU
		{50FE69A2-8B4F-484C-9532-CC8F69C762E1}.Release|Any CPU.ActiveCfg = Release|Any CPU
		{50FE69A2-8B4F-484C-9532-CC8F69C762E1}.Release|Any CPU.Build.0 = Release|Any CPU
		{9F232786-2036-4BB0-B5FD-06CC7EFE049D}.Debug|Any CPU.ActiveCfg = Debug|Any CPU
		{9F232786-2036-4BB0-B5FD-06CC7EFE049D}.Debug|Any CPU.Build.0 = Debug|Any CPU
		{9F232786-2036-4BB0-B5FD-06CC7EFE049D}.Release|Any CPU.ActiveCfg = Release|Any CPU
		{9F232786-2036-4BB0-B5FD-06CC7EFE049D}.Release|Any CPU.Build.0 = Release|Any CPU
		{E6472648-CA3A-46D8-9A77-622FA0A69117}.Debug|Any CPU.ActiveCfg = Debug|Any CPU
		{E6472648-CA3A-46D8-9A77-622FA0A69117}.Debug|Any CPU.Build.0 = Debug|Any CPU
		{E6472648-CA3A-46D8-9A77-622FA0A69117}.Release|Any CPU.ActiveCfg = Release|Any CPU
		{E6472648-CA3A-46D8-9A77-622FA0A69117}.Release|Any CPU.Build.0 = Release|Any CPU
		{57728BA6-90D6-472B-915B-842E6EDA64EF}.Debug|Any CPU.ActiveCfg = Debug|Any CPU
		{57728BA6-90D6-472B-915B-842E6EDA64EF}.Debug|Any CPU.Build.0 = Debug|Any CPU
		{57728BA6-90D6-472B-915B-842E6EDA64EF}.Release|Any CPU.ActiveCfg = Release|Any CPU
		{57728BA6-90D6-472B-915B-842E6EDA64EF}.Release|Any CPU.Build.0 = Release|Any CPU
		{7D92D22C-F8DA-4603-9423-4447805DE5E0}.Debug|Any CPU.ActiveCfg = Debug|Any CPU
		{7D92D22C-F8DA-4603-9423-4447805DE5E0}.Debug|Any CPU.Build.0 = Debug|Any CPU
		{7D92D22C-F8DA-4603-9423-4447805DE5E0}.Release|Any CPU.ActiveCfg = Release|Any CPU
		{7D92D22C-F8DA-4603-9423-4447805DE5E0}.Release|Any CPU.Build.0 = Release|Any CPU
		{B79F3CFD-E94E-43A4-AF57-123D8AD4F620}.Debug|Any CPU.ActiveCfg = Debug|Any CPU
		{B79F3CFD-E94E-43A4-AF57-123D8AD4F620}.Debug|Any CPU.Build.0 = Debug|Any CPU
		{B79F3CFD-E94E-43A4-AF57-123D8AD4F620}.Release|Any CPU.ActiveCfg = Release|Any CPU
		{B79F3CFD-E94E-43A4-AF57-123D8AD4F620}.Release|Any CPU.Build.0 = Release|Any CPU
		{C9443477-A323-44E0-83FA-617224E10C89}.Debug|Any CPU.ActiveCfg = Debug|Any CPU
		{C9443477-A323-44E0-83FA-617224E10C89}.Debug|Any CPU.Build.0 = Debug|Any CPU
		{C9443477-A323-44E0-83FA-617224E10C89}.Release|Any CPU.ActiveCfg = Release|Any CPU
		{C9443477-A323-44E0-83FA-617224E10C89}.Release|Any CPU.Build.0 = Release|Any CPU
		{DC3819D1-6700-42ED-8198-A6AACE559FB1}.Debug|Any CPU.ActiveCfg = Debug|Any CPU
		{DC3819D1-6700-42ED-8198-A6AACE559FB1}.Debug|Any CPU.Build.0 = Debug|Any CPU
		{DC3819D1-6700-42ED-8198-A6AACE559FB1}.Release|Any CPU.ActiveCfg = Release|Any CPU
		{DC3819D1-6700-42ED-8198-A6AACE559FB1}.Release|Any CPU.Build.0 = Release|Any CPU
		{582035F2-B6D2-4A57-A1CA-76B149D4D632}.Debug|Any CPU.ActiveCfg = Debug|Any CPU
		{582035F2-B6D2-4A57-A1CA-76B149D4D632}.Debug|Any CPU.Build.0 = Debug|Any CPU
		{582035F2-B6D2-4A57-A1CA-76B149D4D632}.Release|Any CPU.ActiveCfg = Release|Any CPU
		{582035F2-B6D2-4A57-A1CA-76B149D4D632}.Release|Any CPU.Build.0 = Release|Any CPU
		{FA5EA9E4-51F1-41B9-9B2E-4145F93235F9}.Debug|Any CPU.ActiveCfg = Debug|Any CPU
		{FA5EA9E4-51F1-41B9-9B2E-4145F93235F9}.Debug|Any CPU.Build.0 = Debug|Any CPU
		{FA5EA9E4-51F1-41B9-9B2E-4145F93235F9}.Release|Any CPU.ActiveCfg = Release|Any CPU
		{FA5EA9E4-51F1-41B9-9B2E-4145F93235F9}.Release|Any CPU.Build.0 = Release|Any CPU
		{C9C6922B-8891-4B80-8B54-E862A5FE7AD6}.Debug|Any CPU.ActiveCfg = Debug|Any CPU
		{C9C6922B-8891-4B80-8B54-E862A5FE7AD6}.Debug|Any CPU.Build.0 = Debug|Any CPU
		{C9C6922B-8891-4B80-8B54-E862A5FE7AD6}.Release|Any CPU.ActiveCfg = Release|Any CPU
		{C9C6922B-8891-4B80-8B54-E862A5FE7AD6}.Release|Any CPU.Build.0 = Release|Any CPU
		{E43195A2-BA71-43A4-8023-07045F31EB80}.Debug|Any CPU.ActiveCfg = Debug|Any CPU
		{E43195A2-BA71-43A4-8023-07045F31EB80}.Debug|Any CPU.Build.0 = Debug|Any CPU
		{E43195A2-BA71-43A4-8023-07045F31EB80}.Release|Any CPU.ActiveCfg = Release|Any CPU
		{E43195A2-BA71-43A4-8023-07045F31EB80}.Release|Any CPU.Build.0 = Release|Any CPU
		{277EC846-A309-47CB-8755-CBADEEA43620}.Debug|Any CPU.ActiveCfg = Debug|Any CPU
		{277EC846-A309-47CB-8755-CBADEEA43620}.Debug|Any CPU.Build.0 = Debug|Any CPU
		{277EC846-A309-47CB-8755-CBADEEA43620}.Release|Any CPU.ActiveCfg = Release|Any CPU
		{277EC846-A309-47CB-8755-CBADEEA43620}.Release|Any CPU.Build.0 = Release|Any CPU
		{81F0C5DF-0632-476A-AB82-F53930141FF8}.Debug|Any CPU.ActiveCfg = Debug|Any CPU
		{81F0C5DF-0632-476A-AB82-F53930141FF8}.Debug|Any CPU.Build.0 = Debug|Any CPU
		{81F0C5DF-0632-476A-AB82-F53930141FF8}.Release|Any CPU.ActiveCfg = Release|Any CPU
		{81F0C5DF-0632-476A-AB82-F53930141FF8}.Release|Any CPU.Build.0 = Release|Any CPU
		{84015570-D17A-411E-829F-789198FF4E8D}.Debug|Any CPU.ActiveCfg = Debug|Any CPU
		{84015570-D17A-411E-829F-789198FF4E8D}.Debug|Any CPU.Build.0 = Debug|Any CPU
		{84015570-D17A-411E-829F-789198FF4E8D}.Release|Any CPU.ActiveCfg = Release|Any CPU
		{84015570-D17A-411E-829F-789198FF4E8D}.Release|Any CPU.Build.0 = Release|Any CPU
		{FF380CD2-18BF-4833-B41D-B66A2932B480}.Debug|Any CPU.ActiveCfg = Debug|Any CPU
		{FF380CD2-18BF-4833-B41D-B66A2932B480}.Debug|Any CPU.Build.0 = Debug|Any CPU
		{FF380CD2-18BF-4833-B41D-B66A2932B480}.Release|Any CPU.ActiveCfg = Release|Any CPU
		{FF380CD2-18BF-4833-B41D-B66A2932B480}.Release|Any CPU.Build.0 = Release|Any CPU
		{0063A29D-9C06-4482-A7AD-E96D16142725}.Debug|Any CPU.ActiveCfg = Debug|Any CPU
		{0063A29D-9C06-4482-A7AD-E96D16142725}.Debug|Any CPU.Build.0 = Debug|Any CPU
		{0063A29D-9C06-4482-A7AD-E96D16142725}.Release|Any CPU.ActiveCfg = Release|Any CPU
		{0063A29D-9C06-4482-A7AD-E96D16142725}.Release|Any CPU.Build.0 = Release|Any CPU
		{32430B6B-6593-45B0-956D-F20FB2841828}.Debug|Any CPU.ActiveCfg = Debug|Any CPU
		{32430B6B-6593-45B0-956D-F20FB2841828}.Debug|Any CPU.Build.0 = Debug|Any CPU
		{32430B6B-6593-45B0-956D-F20FB2841828}.Release|Any CPU.ActiveCfg = Release|Any CPU
		{32430B6B-6593-45B0-956D-F20FB2841828}.Release|Any CPU.Build.0 = Release|Any CPU
		{E6496408-0E95-4FD8-BB7F-20B84CABA2E7}.Debug|Any CPU.ActiveCfg = Debug|Any CPU
		{E6496408-0E95-4FD8-BB7F-20B84CABA2E7}.Debug|Any CPU.Build.0 = Debug|Any CPU
		{E6496408-0E95-4FD8-BB7F-20B84CABA2E7}.Release|Any CPU.ActiveCfg = Release|Any CPU
		{E6496408-0E95-4FD8-BB7F-20B84CABA2E7}.Release|Any CPU.Build.0 = Release|Any CPU
	EndGlobalSection
	GlobalSection(SolutionProperties) = preSolution
		HideSolutionNode = FALSE
	EndGlobalSection
	GlobalSection(NestedProjects) = preSolution
		{714533E6-A311-4308-A73D-E4A79406A3C1} = {B78DF3DD-B5BA-415F-A66C-0E36985B85BA}
		{57F46554-90FB-4B3B-AC92-679724B0CC08} = {B78DF3DD-B5BA-415F-A66C-0E36985B85BA}
		{6D219776-E792-4F91-A421-62EAAC02BAB3} = {B78DF3DD-B5BA-415F-A66C-0E36985B85BA}
		{6B37A5C4-8352-41B3-A274-19138A620E5E} = {B78DF3DD-B5BA-415F-A66C-0E36985B85BA}
		{8EE66F73-66EA-4845-982A-F2DD27EFEFDD} = {B78DF3DD-B5BA-415F-A66C-0E36985B85BA}
		{65B8F2E0-9ACD-4380-8624-121F5D75BBBD} = {B78DF3DD-B5BA-415F-A66C-0E36985B85BA}
		{3ABF659B-F9D1-451D-80D4-9407600783E0} = {57F46554-90FB-4B3B-AC92-679724B0CC08}
		{9EBA9E37-E4AF-41C8-B880-309168F78459} = {57F46554-90FB-4B3B-AC92-679724B0CC08}
		{72F72101-7230-451A-8C92-41B0601FBC6B} = {57F46554-90FB-4B3B-AC92-679724B0CC08}
		{1AC6F39B-3F8F-4CCD-92F6-51F8FE6D52F2} = {57F46554-90FB-4B3B-AC92-679724B0CC08}
		{E212582E-BB1E-4964-9D06-281A7F32789D} = {57F46554-90FB-4B3B-AC92-679724B0CC08}
		{C4EB6F8B-D455-4673-AA69-4872C6F1E64A} = {6D219776-E792-4F91-A421-62EAAC02BAB3}
		{04D0090A-8249-434D-AB94-CF4B56C5AC38} = {6D219776-E792-4F91-A421-62EAAC02BAB3}
		{97F8718F-8974-4ABB-82A8-6290B773CD81} = {8EE66F73-66EA-4845-982A-F2DD27EFEFDD}
		{19227683-3E32-40A9-A179-E7003BC172B7} = {8EE66F73-66EA-4845-982A-F2DD27EFEFDD}
		{8D19AFDD-0EF5-4959-86F8-498DBD1234D8} = {8EE66F73-66EA-4845-982A-F2DD27EFEFDD}
		{5496C220-B819-4F49-B749-88A72FF49A98} = {714533E6-A311-4308-A73D-E4A79406A3C1}
		{FB1AB01D-CD0E-4E81-AA94-2E4678188845} = {714533E6-A311-4308-A73D-E4A79406A3C1}
		{53227ED5-0DAE-42EB-B026-844C600B62A6} = {714533E6-A311-4308-A73D-E4A79406A3C1}
		{2A80D690-44DB-4F5A-B515-42A3EAFF8980} = {6B37A5C4-8352-41B3-A274-19138A620E5E}
		{336786A2-AD69-4B9A-B5D4-5BBC05FA09C1} = {6B37A5C4-8352-41B3-A274-19138A620E5E}
		{A8C7F799-C517-4373-8633-5D360404588F} = {65B8F2E0-9ACD-4380-8624-121F5D75BBBD}
		{359039F8-FDF5-493E-B99A-0334CD5B6764} = {714533E6-A311-4308-A73D-E4A79406A3C1}
		{59764764-2F24-4327-9DFC-9538EA79084E} = {714533E6-A311-4308-A73D-E4A79406A3C1}
		{66C4FF90-511F-4EB1-9604-DABFF2EE41B1} = {714533E6-A311-4308-A73D-E4A79406A3C1}
		{FA9854C2-730D-4881-B4CF-858129CE5585} = {714533E6-A311-4308-A73D-E4A79406A3C1}
		{B7D3697E-E3C9-4105-B95D-DB1696F8DD83} = {1AC6F39B-3F8F-4CCD-92F6-51F8FE6D52F2}
		{01F0CCFB-5419-4927-9E8D-E033ECFF5CCA} = {1AC6F39B-3F8F-4CCD-92F6-51F8FE6D52F2}
		{2075DF2B-A6A6-4F28-A21F-B1E3B22328B0} = {5496C220-B819-4F49-B749-88A72FF49A98}
		{881FC2ED-A5EB-44B1-AD93-178E4145BB86} = {359039F8-FDF5-493E-B99A-0334CD5B6764}
		{889FD586-AF02-4455-890E-CB146165652D} = {53227ED5-0DAE-42EB-B026-844C600B62A6}
		{35DFBA55-5CF1-4E82-8D37-279FDAF49F21} = {59764764-2F24-4327-9DFC-9538EA79084E}
		{2B01CFE7-6C5E-4B6E-A2F7-30F0240351FA} = {66C4FF90-511F-4EB1-9604-DABFF2EE41B1}
		{AF5CA46E-8014-4B3C-8ABF-C2B976C7369E} = {2A80D690-44DB-4F5A-B515-42A3EAFF8980}
		{754566C1-27A0-4CF6-B621-D8EACA056CB7} = {3ABF659B-F9D1-451D-80D4-9407600783E0}
		{50FE69A2-8B4F-484C-9532-CC8F69C762E1} = {FA9854C2-730D-4881-B4CF-858129CE5585}
		{23FB3522-D8B3-41FA-9899-653C38FB7C6C} = {714533E6-A311-4308-A73D-E4A79406A3C1}
		{9F232786-2036-4BB0-B5FD-06CC7EFE049D} = {23FB3522-D8B3-41FA-9899-653C38FB7C6C}
		{05FFE5F5-382A-48A4-AC1C-A57513E11085} = {714533E6-A311-4308-A73D-E4A79406A3C1}
		{E6472648-CA3A-46D8-9A77-622FA0A69117} = {05FFE5F5-382A-48A4-AC1C-A57513E11085}
		{57728BA6-90D6-472B-915B-842E6EDA64EF} = {336786A2-AD69-4B9A-B5D4-5BBC05FA09C1}
		{7D92D22C-F8DA-4603-9423-4447805DE5E0} = {3ABF659B-F9D1-451D-80D4-9407600783E0}
		{B79F3CFD-E94E-43A4-AF57-123D8AD4F620} = {04D0090A-8249-434D-AB94-CF4B56C5AC38}
		{A99446EA-8AEB-4738-9A96-14D0DC4B7CED} = {714533E6-A311-4308-A73D-E4A79406A3C1}
		{C9443477-A323-44E0-83FA-617224E10C89} = {A99446EA-8AEB-4738-9A96-14D0DC4B7CED}
		{57005375-A65D-45D9-859B-1FA8E8BA817A} = {714533E6-A311-4308-A73D-E4A79406A3C1}
		{DC3819D1-6700-42ED-8198-A6AACE559FB1} = {57005375-A65D-45D9-859B-1FA8E8BA817A}
		{CAC00225-67D4-4950-9D9E-4F0E04843ACA} = {714533E6-A311-4308-A73D-E4A79406A3C1}
		{582035F2-B6D2-4A57-A1CA-76B149D4D632} = {CAC00225-67D4-4950-9D9E-4F0E04843ACA}
		{AA7850A4-9B27-4DC4-A8DA-83AF02BCA5D8} = {714533E6-A311-4308-A73D-E4A79406A3C1}
		{FA5EA9E4-51F1-41B9-9B2E-4145F93235F9} = {AA7850A4-9B27-4DC4-A8DA-83AF02BCA5D8}
		{AAFA88A5-1BE3-4327-8CAA-65FA2C94F59B} = {714533E6-A311-4308-A73D-E4A79406A3C1}
		{C9C6922B-8891-4B80-8B54-E862A5FE7AD6} = {AAFA88A5-1BE3-4327-8CAA-65FA2C94F59B}
		{E43195A2-BA71-43A4-8023-07045F31EB80} = {72F72101-7230-451A-8C92-41B0601FBC6B}
		{277EC846-A309-47CB-8755-CBADEEA43620} = {72F72101-7230-451A-8C92-41B0601FBC6B}
		{81F0C5DF-0632-476A-AB82-F53930141FF8} = {FB1AB01D-CD0E-4E81-AA94-2E4678188845}
		{84015570-D17A-411E-829F-789198FF4E8D} = {9EBA9E37-E4AF-41C8-B880-309168F78459}
		{FF380CD2-18BF-4833-B41D-B66A2932B480} = {9EBA9E37-E4AF-41C8-B880-309168F78459}
		{0063A29D-9C06-4482-A7AD-E96D16142725} = {E212582E-BB1E-4964-9D06-281A7F32789D}
		{32430B6B-6593-45B0-956D-F20FB2841828} = {E212582E-BB1E-4964-9D06-281A7F32789D}
		{E6496408-0E95-4FD8-BB7F-20B84CABA2E7} = {A8C7F799-C517-4373-8633-5D360404588F}
		{09B0529D-D651-4E36-A828-5A8FD55A73D8} = {C4EB6F8B-D455-4673-AA69-4872C6F1E64A}
	EndGlobalSection
	GlobalSection(ExtensibilityGlobals) = postSolution
		SolutionGuid = {612F3A74-208C-4793-9455-5A154CEE7BAC}
	EndGlobalSection
EndGlobal
